// !$*UTF8*$!
{
	archiveVersion = 1;
	classes = {
	};
	objectVersion = 46;
	objects = {

/* Begin PBXBuildFile section */
		70693CCB1E5DAAFC007EABDC /* AppDelegate.swift in Sources */ = {isa = PBXBuildFile; fileRef = 70693CCA1E5DAAFC007EABDC /* AppDelegate.swift */; };
		70693CCD1E5DAAFC007EABDC /* ViewController.swift in Sources */ = {isa = PBXBuildFile; fileRef = 70693CCC1E5DAAFC007EABDC /* ViewController.swift */; };
		70693CD01E5DAAFC007EABDC /* Main.storyboard in Resources */ = {isa = PBXBuildFile; fileRef = 70693CCE1E5DAAFC007EABDC /* Main.storyboard */; };
		70693CD31E5DAAFC007EABDC /* APPYSTORE.xcdatamodeld in Sources */ = {isa = PBXBuildFile; fileRef = 70693CD11E5DAAFC007EABDC /* APPYSTORE.xcdatamodeld */; };
		70693CD51E5DAAFC007EABDC /* Assets.xcassets in Resources */ = {isa = PBXBuildFile; fileRef = 70693CD41E5DAAFC007EABDC /* Assets.xcassets */; };
		70693CD81E5DAAFC007EABDC /* LaunchScreen.storyboard in Resources */ = {isa = PBXBuildFile; fileRef = 70693CD61E5DAAFC007EABDC /* LaunchScreen.storyboard */; };
		70693CE31E5DAAFC007EABDC /* APPYSTORETests.swift in Sources */ = {isa = PBXBuildFile; fileRef = 70693CE21E5DAAFC007EABDC /* APPYSTORETests.swift */; };
		70693CEE1E5DAAFC007EABDC /* APPYSTOREUITests.swift in Sources */ = {isa = PBXBuildFile; fileRef = 70693CED1E5DAAFC007EABDC /* APPYSTOREUITests.swift */; };
		70693D001E5DBB02007EABDC /* VideoCell.swift in Sources */ = {isa = PBXBuildFile; fileRef = 70693CFF1E5DBB02007EABDC /* VideoCell.swift */; };
/* End PBXBuildFile section */

/* Begin PBXContainerItemProxy section */
		70693CDF1E5DAAFC007EABDC /* PBXContainerItemProxy */ = {
			isa = PBXContainerItemProxy;
			containerPortal = 70693CBF1E5DAAFC007EABDC /* Project object */;
			proxyType = 1;
			remoteGlobalIDString = 70693CC61E5DAAFC007EABDC;
			remoteInfo = APPYSTORE;
		};
		70693CEA1E5DAAFC007EABDC /* PBXContainerItemProxy */ = {
			isa = PBXContainerItemProxy;
			containerPortal = 70693CBF1E5DAAFC007EABDC /* Project object */;
			proxyType = 1;
			remoteGlobalIDString = 70693CC61E5DAAFC007EABDC;
			remoteInfo = APPYSTORE;
		};
/* End PBXContainerItemProxy section */

/* Begin PBXFileReference section */
		70693CC71E5DAAFC007EABDC /* APPYSTORE.app */ = {isa = PBXFileReference; explicitFileType = wrapper.application; includeInIndex = 0; path = APPYSTORE.app; sourceTree = BUILT_PRODUCTS_DIR; };
		70693CCA1E5DAAFC007EABDC /* AppDelegate.swift */ = {isa = PBXFileReference; lastKnownFileType = sourcecode.swift; path = AppDelegate.swift; sourceTree = "<group>"; };
		70693CCC1E5DAAFC007EABDC /* ViewController.swift */ = {isa = PBXFileReference; lastKnownFileType = sourcecode.swift; path = ViewController.swift; sourceTree = "<group>"; };
		70693CCF1E5DAAFC007EABDC /* Base */ = {isa = PBXFileReference; lastKnownFileType = file.storyboard; name = Base; path = Base.lproj/Main.storyboard; sourceTree = "<group>"; };
		70693CD21E5DAAFC007EABDC /* APPYSTORE.xcdatamodel */ = {isa = PBXFileReference; lastKnownFileType = wrapper.xcdatamodel; path = APPYSTORE.xcdatamodel; sourceTree = "<group>"; };
		70693CD41E5DAAFC007EABDC /* Assets.xcassets */ = {isa = PBXFileReference; lastKnownFileType = folder.assetcatalog; path = Assets.xcassets; sourceTree = "<group>"; };
		70693CD71E5DAAFC007EABDC /* Base */ = {isa = PBXFileReference; lastKnownFileType = file.storyboard; name = Base; path = Base.lproj/LaunchScreen.storyboard; sourceTree = "<group>"; };
		70693CD91E5DAAFC007EABDC /* Info.plist */ = {isa = PBXFileReference; lastKnownFileType = text.plist.xml; path = Info.plist; sourceTree = "<group>"; };
		70693CDE1E5DAAFC007EABDC /* APPYSTORETests.xctest */ = {isa = PBXFileReference; explicitFileType = wrapper.cfbundle; includeInIndex = 0; path = APPYSTORETests.xctest; sourceTree = BUILT_PRODUCTS_DIR; };
		70693CE21E5DAAFC007EABDC /* APPYSTORETests.swift */ = {isa = PBXFileReference; lastKnownFileType = sourcecode.swift; path = APPYSTORETests.swift; sourceTree = "<group>"; };
		70693CE41E5DAAFC007EABDC /* Info.plist */ = {isa = PBXFileReference; lastKnownFileType = text.plist.xml; path = Info.plist; sourceTree = "<group>"; };
		70693CE91E5DAAFC007EABDC /* APPYSTOREUITests.xctest */ = {isa = PBXFileReference; explicitFileType = wrapper.cfbundle; includeInIndex = 0; path = APPYSTOREUITests.xctest; sourceTree = BUILT_PRODUCTS_DIR; };
		70693CED1E5DAAFC007EABDC /* APPYSTOREUITests.swift */ = {isa = PBXFileReference; lastKnownFileType = sourcecode.swift; path = APPYSTOREUITests.swift; sourceTree = "<group>"; };
		70693CEF1E5DAAFC007EABDC /* Info.plist */ = {isa = PBXFileReference; lastKnownFileType = text.plist.xml; path = Info.plist; sourceTree = "<group>"; };
		70693CFF1E5DBB02007EABDC /* VideoCell.swift */ = {isa = PBXFileReference; fileEncoding = 4; lastKnownFileType = sourcecode.swift; path = VideoCell.swift; sourceTree = "<group>"; };
/* End PBXFileReference section */

/* Begin PBXFrameworksBuildPhase section */
		70693CC41E5DAAFC007EABDC /* Frameworks */ = {
			isa = PBXFrameworksBuildPhase;
			buildActionMask = 2147483647;
			files = (
			);
			runOnlyForDeploymentPostprocessing = 0;
		};
		70693CDB1E5DAAFC007EABDC /* Frameworks */ = {
			isa = PBXFrameworksBuildPhase;
			buildActionMask = 2147483647;
			files = (
			);
			runOnlyForDeploymentPostprocessing = 0;
		};
		70693CE61E5DAAFC007EABDC /* Frameworks */ = {
			isa = PBXFrameworksBuildPhase;
			buildActionMask = 2147483647;
			files = (
			);
			runOnlyForDeploymentPostprocessing = 0;
		};
/* End PBXFrameworksBuildPhase section */

/* Begin PBXGroup section */
		70693CBE1E5DAAFC007EABDC = {
			isa = PBXGroup;
			children = (
				70693CC91E5DAAFC007EABDC /* APPYSTORE */,
				70693CE11E5DAAFC007EABDC /* APPYSTORETests */,
				70693CEC1E5DAAFC007EABDC /* APPYSTOREUITests */,
				70693CC81E5DAAFC007EABDC /* Products */,
			);
			sourceTree = "<group>";
		};
		70693CC81E5DAAFC007EABDC /* Products */ = {
			isa = PBXGroup;
			children = (
				70693CC71E5DAAFC007EABDC /* APPYSTORE.app */,
				70693CDE1E5DAAFC007EABDC /* APPYSTORETests.xctest */,
				70693CE91E5DAAFC007EABDC /* APPYSTOREUITests.xctest */,
			);
			name = Products;
			sourceTree = "<group>";
		};
		70693CC91E5DAAFC007EABDC /* APPYSTORE */ = {
			isa = PBXGroup;
			children = (
				70693CFB1E5DAC56007EABDC /* History */,
				70693CCA1E5DAAFC007EABDC /* AppDelegate.swift */,
				70693CCE1E5DAAFC007EABDC /* Main.storyboard */,
				70693CD41E5DAAFC007EABDC /* Assets.xcassets */,
				70693CD61E5DAAFC007EABDC /* LaunchScreen.storyboard */,
				70693CD91E5DAAFC007EABDC /* Info.plist */,
				70693CD11E5DAAFC007EABDC /* APPYSTORE.xcdatamodeld */,
			);
			path = APPYSTORE;
			sourceTree = "<group>";
		};
		70693CE11E5DAAFC007EABDC /* APPYSTORETests */ = {
			isa = PBXGroup;
			children = (
				70693CE21E5DAAFC007EABDC /* APPYSTORETests.swift */,
				70693CE41E5DAAFC007EABDC /* Info.plist */,
			);
			path = APPYSTORETests;
			sourceTree = "<group>";
		};
		70693CEC1E5DAAFC007EABDC /* APPYSTOREUITests */ = {
			isa = PBXGroup;
			children = (
				70693CED1E5DAAFC007EABDC /* APPYSTOREUITests.swift */,
				70693CEF1E5DAAFC007EABDC /* Info.plist */,
			);
			path = APPYSTOREUITests;
			sourceTree = "<group>";
		};
		70693CFB1E5DAC56007EABDC /* History */ = {
			isa = PBXGroup;
			children = (
				70693CFD1E5DBA94007EABDC /* View */,
				70693CFC1E5DBA7C007EABDC /* Model */,
				70693CFE1E5DBAAC007EABDC /* Controller */,
			);
			name = History;
			sourceTree = "<group>";
		};
		70693CFC1E5DBA7C007EABDC /* Model */ = {
			isa = PBXGroup;
			children = (
			);
			name = Model;
			sourceTree = "<group>";
		};
		70693CFD1E5DBA94007EABDC /* View */ = {
			isa = PBXGroup;
			children = (
				70693CFF1E5DBB02007EABDC /* VideoCell.swift */,
			);
			name = View;
			sourceTree = "<group>";
		};
		70693CFE1E5DBAAC007EABDC /* Controller */ = {
			isa = PBXGroup;
			children = (
				70693CCC1E5DAAFC007EABDC /* ViewController.swift */,
			);
			name = Controller;
			sourceTree = "<group>";
		};
/* End PBXGroup section */

/* Begin PBXNativeTarget section */
		70693CC61E5DAAFC007EABDC /* APPYSTORE */ = {
			isa = PBXNativeTarget;
			buildConfigurationList = 70693CF21E5DAAFC007EABDC /* Build configuration list for PBXNativeTarget "APPYSTORE" */;
			buildPhases = (
				70693CC31E5DAAFC007EABDC /* Sources */,
				70693CC41E5DAAFC007EABDC /* Frameworks */,
				70693CC51E5DAAFC007EABDC /* Resources */,
			);
			buildRules = (
			);
			dependencies = (
			);
			name = APPYSTORE;
			productName = APPYSTORE;
			productReference = 70693CC71E5DAAFC007EABDC /* APPYSTORE.app */;
			productType = "com.apple.product-type.application";
		};
		70693CDD1E5DAAFC007EABDC /* APPYSTORETests */ = {
			isa = PBXNativeTarget;
			buildConfigurationList = 70693CF51E5DAAFC007EABDC /* Build configuration list for PBXNativeTarget "APPYSTORETests" */;
			buildPhases = (
				70693CDA1E5DAAFC007EABDC /* Sources */,
				70693CDB1E5DAAFC007EABDC /* Frameworks */,
				70693CDC1E5DAAFC007EABDC /* Resources */,
			);
			buildRules = (
			);
			dependencies = (
				70693CE01E5DAAFC007EABDC /* PBXTargetDependency */,
			);
			name = APPYSTORETests;
			productName = APPYSTORETests;
			productReference = 70693CDE1E5DAAFC007EABDC /* APPYSTORETests.xctest */;
			productType = "com.apple.product-type.bundle.unit-test";
		};
		70693CE81E5DAAFC007EABDC /* APPYSTOREUITests */ = {
			isa = PBXNativeTarget;
			buildConfigurationList = 70693CF81E5DAAFC007EABDC /* Build configuration list for PBXNativeTarget "APPYSTOREUITests" */;
			buildPhases = (
				70693CE51E5DAAFC007EABDC /* Sources */,
				70693CE61E5DAAFC007EABDC /* Frameworks */,
				70693CE71E5DAAFC007EABDC /* Resources */,
			);
			buildRules = (
			);
			dependencies = (
				70693CEB1E5DAAFC007EABDC /* PBXTargetDependency */,
			);
			name = APPYSTOREUITests;
			productName = APPYSTOREUITests;
			productReference = 70693CE91E5DAAFC007EABDC /* APPYSTOREUITests.xctest */;
			productType = "com.apple.product-type.bundle.ui-testing";
		};
/* End PBXNativeTarget section */

/* Begin PBXProject section */
		70693CBF1E5DAAFC007EABDC /* Project object */ = {
			isa = PBXProject;
			attributes = {
				LastSwiftUpdateCheck = 0810;
				LastUpgradeCheck = 0810;
				ORGANIZATIONNAME = "BridgeLabz Solution LLP";
				TargetAttributes = {
					70693CC61E5DAAFC007EABDC = {
						CreatedOnToolsVersion = 8.1;
						ProvisioningStyle = Automatic;
					};
					70693CDD1E5DAAFC007EABDC = {
						CreatedOnToolsVersion = 8.1;
						ProvisioningStyle = Automatic;
						TestTargetID = 70693CC61E5DAAFC007EABDC;
					};
					70693CE81E5DAAFC007EABDC = {
						CreatedOnToolsVersion = 8.1;
						ProvisioningStyle = Automatic;
						TestTargetID = 70693CC61E5DAAFC007EABDC;
					};
				};
			};
			buildConfigurationList = 70693CC21E5DAAFC007EABDC /* Build configuration list for PBXProject "APPYSTORE" */;
			compatibilityVersion = "Xcode 3.2";
			developmentRegion = English;
			hasScannedForEncodings = 0;
			knownRegions = (
				en,
				Base,
			);
			mainGroup = 70693CBE1E5DAAFC007EABDC;
			productRefGroup = 70693CC81E5DAAFC007EABDC /* Products */;
			projectDirPath = "";
			projectRoot = "";
			targets = (
				70693CC61E5DAAFC007EABDC /* APPYSTORE */,
				70693CDD1E5DAAFC007EABDC /* APPYSTORETests */,
				70693CE81E5DAAFC007EABDC /* APPYSTOREUITests */,
			);
		};
/* End PBXProject section */

/* Begin PBXResourcesBuildPhase section */
		70693CC51E5DAAFC007EABDC /* Resources */ = {
			isa = PBXResourcesBuildPhase;
			buildActionMask = 2147483647;
			files = (
				70693CD81E5DAAFC007EABDC /* LaunchScreen.storyboard in Resources */,
				70693CD51E5DAAFC007EABDC /* Assets.xcassets in Resources */,
				70693CD01E5DAAFC007EABDC /* Main.storyboard in Resources */,
			);
			runOnlyForDeploymentPostprocessing = 0;
		};
		70693CDC1E5DAAFC007EABDC /* Resources */ = {
			isa = PBXResourcesBuildPhase;
			buildActionMask = 2147483647;
			files = (
			);
			runOnlyForDeploymentPostprocessing = 0;
		};
		70693CE71E5DAAFC007EABDC /* Resources */ = {
			isa = PBXResourcesBuildPhase;
			buildActionMask = 2147483647;
			files = (
			);
			runOnlyForDeploymentPostprocessing = 0;
		};
/* End PBXResourcesBuildPhase section */

/* Begin PBXSourcesBuildPhase section */
		70693CC31E5DAAFC007EABDC /* Sources */ = {
			isa = PBXSourcesBuildPhase;
			buildActionMask = 2147483647;
			files = (
				70693CCD1E5DAAFC007EABDC /* ViewController.swift in Sources */,
				70693D001E5DBB02007EABDC /* VideoCell.swift in Sources */,
				70693CCB1E5DAAFC007EABDC /* AppDelegate.swift in Sources */,
				70693CD31E5DAAFC007EABDC /* APPYSTORE.xcdatamodeld in Sources */,
			);
			runOnlyForDeploymentPostprocessing = 0;
		};
		70693CDA1E5DAAFC007EABDC /* Sources */ = {
			isa = PBXSourcesBuildPhase;
			buildActionMask = 2147483647;
			files = (
				70693CE31E5DAAFC007EABDC /* APPYSTORETests.swift in Sources */,
			);
			runOnlyForDeploymentPostprocessing = 0;
		};
		70693CE51E5DAAFC007EABDC /* Sources */ = {
			isa = PBXSourcesBuildPhase;
			buildActionMask = 2147483647;
			files = (
				70693CEE1E5DAAFC007EABDC /* APPYSTOREUITests.swift in Sources */,
			);
			runOnlyForDeploymentPostprocessing = 0;
		};
/* End PBXSourcesBuildPhase section */

/* Begin PBXTargetDependency section */
		70693CE01E5DAAFC007EABDC /* PBXTargetDependency */ = {
			isa = PBXTargetDependency;
			target = 70693CC61E5DAAFC007EABDC /* APPYSTORE */;
			targetProxy = 70693CDF1E5DAAFC007EABDC /* PBXContainerItemProxy */;
		};
		70693CEB1E5DAAFC007EABDC /* PBXTargetDependency */ = {
			isa = PBXTargetDependency;
			target = 70693CC61E5DAAFC007EABDC /* APPYSTORE */;
			targetProxy = 70693CEA1E5DAAFC007EABDC /* PBXContainerItemProxy */;
		};
/* End PBXTargetDependency section */

/* Begin PBXVariantGroup section */
		70693CCE1E5DAAFC007EABDC /* Main.storyboard */ = {
			isa = PBXVariantGroup;
			children = (
				70693CCF1E5DAAFC007EABDC /* Base */,
			);
			name = Main.storyboard;
			sourceTree = "<group>";
		};
		70693CD61E5DAAFC007EABDC /* LaunchScreen.storyboard */ = {
			isa = PBXVariantGroup;
			children = (
				70693CD71E5DAAFC007EABDC /* Base */,
			);
			name = LaunchScreen.storyboard;
			sourceTree = "<group>";
		};
/* End PBXVariantGroup section */

/* Begin XCBuildConfiguration section */
		70693CF01E5DAAFC007EABDC /* Debug */ = {
			isa = XCBuildConfiguration;
			buildSettings = {
				ALWAYS_SEARCH_USER_PATHS = NO;
				CLANG_ANALYZER_NONNULL = YES;
				CLANG_CXX_LANGUAGE_STANDARD = "gnu++0x";
				CLANG_CXX_LIBRARY = "libc++";
				CLANG_ENABLE_MODULES = YES;
				CLANG_ENABLE_OBJC_ARC = YES;
				CLANG_WARN_BOOL_CONVERSION = YES;
				CLANG_WARN_CONSTANT_CONVERSION = YES;
				CLANG_WARN_DIRECT_OBJC_ISA_USAGE = YES_ERROR;
				CLANG_WARN_DOCUMENTATION_COMMENTS = YES;
				CLANG_WARN_EMPTY_BODY = YES;
				CLANG_WARN_ENUM_CONVERSION = YES;
				CLANG_WARN_INFINITE_RECURSION = YES;
				CLANG_WARN_INT_CONVERSION = YES;
				CLANG_WARN_OBJC_ROOT_CLASS = YES_ERROR;
				CLANG_WARN_SUSPICIOUS_MOVES = YES;
				CLANG_WARN_UNREACHABLE_CODE = YES;
				CLANG_WARN__DUPLICATE_METHOD_MATCH = YES;
				"CODE_SIGN_IDENTITY[sdk=iphoneos*]" = "iPhone Developer";
				COPY_PHASE_STRIP = NO;
				DEBUG_INFORMATION_FORMAT = dwarf;
				ENABLE_STRICT_OBJC_MSGSEND = YES;
				ENABLE_TESTABILITY = YES;
				GCC_C_LANGUAGE_STANDARD = gnu99;
				GCC_DYNAMIC_NO_PIC = NO;
				GCC_NO_COMMON_BLOCKS = YES;
				GCC_OPTIMIZATION_LEVEL = 0;
				GCC_PREPROCESSOR_DEFINITIONS = (
					"DEBUG=1",
					"$(inherited)",
				);
				GCC_WARN_64_TO_32_BIT_CONVERSION = YES;
				GCC_WARN_ABOUT_RETURN_TYPE = YES_ERROR;
				GCC_WARN_UNDECLARED_SELECTOR = YES;
				GCC_WARN_UNINITIALIZED_AUTOS = YES_AGGRESSIVE;
				GCC_WARN_UNUSED_FUNCTION = YES;
				GCC_WARN_UNUSED_VARIABLE = YES;
				IPHONEOS_DEPLOYMENT_TARGET = 10.1;
				MTL_ENABLE_DEBUG_INFO = YES;
				ONLY_ACTIVE_ARCH = YES;
				SDKROOT = iphoneos;
				SWIFT_ACTIVE_COMPILATION_CONDITIONS = DEBUG;
				SWIFT_OPTIMIZATION_LEVEL = "-Onone";
			};
			name = Debug;
		};
		70693CF11E5DAAFC007EABDC /* Release */ = {
			isa = XCBuildConfiguration;
			buildSettings = {
				ALWAYS_SEARCH_USER_PATHS = NO;
				CLANG_ANALYZER_NONNULL = YES;
				CLANG_CXX_LANGUAGE_STANDARD = "gnu++0x";
				CLANG_CXX_LIBRARY = "libc++";
				CLANG_ENABLE_MODULES = YES;
				CLANG_ENABLE_OBJC_ARC = YES;
				CLANG_WARN_BOOL_CONVERSION = YES;
				CLANG_WARN_CONSTANT_CONVERSION = YES;
				CLANG_WARN_DIRECT_OBJC_ISA_USAGE = YES_ERROR;
				CLANG_WARN_DOCUMENTATION_COMMENTS = YES;
				CLANG_WARN_EMPTY_BODY = YES;
				CLANG_WARN_ENUM_CONVERSION = YES;
				CLANG_WARN_INFINITE_RECURSION = YES;
				CLANG_WARN_INT_CONVERSION = YES;
				CLANG_WARN_OBJC_ROOT_CLASS = YES_ERROR;
				CLANG_WARN_SUSPICIOUS_MOVES = YES;
				CLANG_WARN_UNREACHABLE_CODE = YES;
				CLANG_WARN__DUPLICATE_METHOD_MATCH = YES;
				"CODE_SIGN_IDENTITY[sdk=iphoneos*]" = "iPhone Developer";
				COPY_PHASE_STRIP = NO;
				DEBUG_INFORMATION_FORMAT = "dwarf-with-dsym";
				ENABLE_NS_ASSERTIONS = NO;
				ENABLE_STRICT_OBJC_MSGSEND = YES;
				GCC_C_LANGUAGE_STANDARD = gnu99;
				GCC_NO_COMMON_BLOCKS = YES;
				GCC_WARN_64_TO_32_BIT_CONVERSION = YES;
				GCC_WARN_ABOUT_RETURN_TYPE = YES_ERROR;
				GCC_WARN_UNDECLARED_SELECTOR = YES;
				GCC_WARN_UNINITIALIZED_AUTOS = YES_AGGRESSIVE;
				GCC_WARN_UNUSED_FUNCTION = YES;
				GCC_WARN_UNUSED_VARIABLE = YES;
				IPHONEOS_DEPLOYMENT_TARGET = 10.1;
				MTL_ENABLE_DEBUG_INFO = NO;
				SDKROOT = iphoneos;
				SWIFT_OPTIMIZATION_LEVEL = "-Owholemodule";
				VALIDATE_PRODUCT = YES;
			};
			name = Release;
		};
		70693CF31E5DAAFC007EABDC /* Debug */ = {
			isa = XCBuildConfiguration;
			buildSettings = {
				ASSETCATALOG_COMPILER_APPICON_NAME = AppIcon;
				INFOPLIST_FILE = APPYSTORE/Info.plist;
				LD_RUNPATH_SEARCH_PATHS = "$(inherited) @executable_path/Frameworks";
				PRODUCT_BUNDLE_IDENTIFIER = com.mandalkar.APPYSTORE;
				PRODUCT_NAME = "$(TARGET_NAME)";
				SWIFT_VERSION = 3.0;
			};
			name = Debug;
		};
		70693CF41E5DAAFC007EABDC /* Release */ = {
			isa = XCBuildConfiguration;
			buildSettings = {
				ASSETCATALOG_COMPILER_APPICON_NAME = AppIcon;
				INFOPLIST_FILE = APPYSTORE/Info.plist;
				LD_RUNPATH_SEARCH_PATHS = "$(inherited) @executable_path/Frameworks";
				PRODUCT_BUNDLE_IDENTIFIER = com.mandalkar.APPYSTORE;
				PRODUCT_NAME = "$(TARGET_NAME)";
				SWIFT_VERSION = 3.0;
			};
			name = Release;
		};
		70693CF61E5DAAFC007EABDC /* Debug */ = {
			isa = XCBuildConfiguration;
			buildSettings = {
				ALWAYS_EMBED_SWIFT_STANDARD_LIBRARIES = YES;
				BUNDLE_LOADER = "$(TEST_HOST)";
				INFOPLIST_FILE = APPYSTORETests/Info.plist;
				LD_RUNPATH_SEARCH_PATHS = "$(inherited) @executable_path/Frameworks @loader_path/Frameworks";
				PRODUCT_BUNDLE_IDENTIFIER = com.mandalkar.APPYSTORETests;
				PRODUCT_NAME = "$(TARGET_NAME)";
				SWIFT_VERSION = 3.0;
				TEST_HOST = "$(BUILT_PRODUCTS_DIR)/APPYSTORE.app/APPYSTORE";
			};
			name = Debug;
		};
		70693CF71E5DAAFC007EABDC /* Release */ = {
			isa = XCBuildConfiguration;
			buildSettings = {
				ALWAYS_EMBED_SWIFT_STANDARD_LIBRARIES = YES;
				BUNDLE_LOADER = "$(TEST_HOST)";
				INFOPLIST_FILE = APPYSTORETests/Info.plist;
				LD_RUNPATH_SEARCH_PATHS = "$(inherited) @executable_path/Frameworks @loader_path/Frameworks";
				PRODUCT_BUNDLE_IDENTIFIER = com.mandalkar.APPYSTORETests;
				PRODUCT_NAME = "$(TARGET_NAME)";
				SWIFT_VERSION = 3.0;
				TEST_HOST = "$(BUILT_PRODUCTS_DIR)/APPYSTORE.app/APPYSTORE";
			};
			name = Release;
		};
		70693CF91E5DAAFC007EABDC /* Debug */ = {
			isa = XCBuildConfiguration;
			buildSettings = {
				ALWAYS_EMBED_SWIFT_STANDARD_LIBRARIES = YES;
				INFOPLIST_FILE = APPYSTOREUITests/Info.plist;
				LD_RUNPATH_SEARCH_PATHS = "$(inherited) @executable_path/Frameworks @loader_path/Frameworks";
				PRODUCT_BUNDLE_IDENTIFIER = com.mandalkar.APPYSTOREUITests;
				PRODUCT_NAME = "$(TARGET_NAME)";
				SWIFT_VERSION = 3.0;
				TEST_TARGET_NAME = APPYSTORE;
			};
			name = Debug;
		};
		70693CFA1E5DAAFC007EABDC /* Release */ = {
			isa = XCBuildConfiguration;
			buildSettings = {
				ALWAYS_EMBED_SWIFT_STANDARD_LIBRARIES = YES;
				INFOPLIST_FILE = APPYSTOREUITests/Info.plist;
				LD_RUNPATH_SEARCH_PATHS = "$(inherited) @executable_path/Frameworks @loader_path/Frameworks";
				PRODUCT_BUNDLE_IDENTIFIER = com.mandalkar.APPYSTOREUITests;
				PRODUCT_NAME = "$(TARGET_NAME)";
				SWIFT_VERSION = 3.0;
				TEST_TARGET_NAME = APPYSTORE;
			};
			name = Release;
		};
/* End XCBuildConfiguration section */

/* Begin XCConfigurationList section */
		70693CC21E5DAAFC007EABDC /* Build configuration list for PBXProject "APPYSTORE" */ = {
			isa = XCConfigurationList;
			buildConfigurations = (
				70693CF01E5DAAFC007EABDC /* Debug */,
				70693CF11E5DAAFC007EABDC /* Release */,
			);
			defaultConfigurationIsVisible = 0;
			defaultConfigurationName = Release;
		};
		70693CF21E5DAAFC007EABDC /* Build configuration list for PBXNativeTarget "APPYSTORE" */ = {
			isa = XCConfigurationList;
			buildConfigurations = (
				70693CF31E5DAAFC007EABDC /* Debug */,
				70693CF41E5DAAFC007EABDC /* Release */,
			);
			defaultConfigurationIsVisible = 0;
		};
		70693CF51E5DAAFC007EABDC /* Build configuration list for PBXNativeTarget "APPYSTORETests" */ = {
			isa = XCConfigurationList;
			buildConfigurations = (
				70693CF61E5DAAFC007EABDC /* Debug */,
				70693CF71E5DAAFC007EABDC /* Release */,
			);
			defaultConfigurationIsVisible = 0;
		};
		70693CF81E5DAAFC007EABDC /* Build configuration list for PBXNativeTarget "APPYSTOREUITests" */ = {
			isa = XCConfigurationList;
			buildConfigurations = (
				70693CF91E5DAAFC007EABDC /* Debug */,
				70693CFA1E5DAAFC007EABDC /* Release */,
			);
			defaultConfigurationIsVisible = 0;
		};
/* End XCConfigurationList section */

/* Begin XCVersionGroup section */
		70693CD11E5DAAFC007EABDC /* APPYSTORE.xcdatamodeld */ = {
			isa = XCVersionGroup;
			children = (
				70693CD21E5DAAFC007EABDC /* APPYSTORE.xcdatamodel */,
			);
			currentVersion = 70693CD21E5DAAFC007EABDC /* APPYSTORE.xcdatamodel */;
			path = APPYSTORE.xcdatamodeld;
			sourceTree = "<group>";
			versionGroupType = wrapper.xcdatamodel;
		};
/* End XCVersionGroup section */
	};
	rootObject = 70693CBF1E5DAAFC007EABDC /* Project object */;
}
